
Microsoft Visual Studio Solution File, Format Version 12.00
# Visual Studio Version 16
VisualStudioVersion = 16.0.30204.135
MinimumVisualStudioVersion = 10.0.40219.1
Project("{FAE04EC0-301F-11D3-BF4B-00C04F79EFBC}") = "MyLeasing.Common", "MyLeasing.Common\MyLeasing.Common.csproj", "{60500B91-613E-4952-804C-C5DEF5504C20}"
EndProject
Project("{FAE04EC0-301F-11D3-BF4B-00C04F79EFBC}") = "MyLeasing.Web", "MyLeasing.Web\MyLeasing.Web.csproj", "{0624538F-5F0F-47B1-AE59-9197717EBB32}"
EndProject
Global
	GlobalSection(SolutionConfigurationPlatforms) = preSolution
		Debug|Any CPU = Debug|Any CPU
		Release|Any CPU = Release|Any CPU
	EndGlobalSection
	GlobalSection(ProjectConfigurationPlatforms) = postSolution
		{60500B91-613E-4952-804C-C5DEF5504C20}.Debug|Any CPU.ActiveCfg = Debug|Any CPU
		{60500B91-613E-4952-804C-C5DEF5504C20}.Debug|Any CPU.Build.0 = Debug|Any CPU
		{60500B91-613E-4952-804C-C5DEF5504C20}.Release|Any CPU.ActiveCfg = Release|Any CPU
		{60500B91-613E-4952-804C-C5DEF5504C20}.Release|Any CPU.Build.0 = Release|Any CPU
		{0624538F-5F0F-47B1-AE59-9197717EBB32}.Debug|Any CPU.ActiveCfg = Debug|Any CPU
		{0624538F-5F0F-47B1-AE59-9197717EBB32}.Debug|Any CPU.Build.0 = Debug|Any CPU
		{0624538F-5F0F-47B1-AE59-9197717EBB32}.Release|Any CPU.ActiveCfg = Release|Any CPU
		{0624538F-5F0F-47B1-AE59-9197717EBB32}.Release|Any CPU.Build.0 = Release|Any CPU
	EndGlobalSection
	GlobalSection(SolutionProperties) = preSolution
		HideSolutionNode = FALSE
	EndGlobalSection
	GlobalSection(ExtensibilityGlobals) = postSolution
		SolutionGuid = {772CAF99-09E6-4085-9877-5DABBE4A6241}
	EndGlobalSection
EndGlobal
